
Microsoft Visual Studio Solution File, Format Version 12.00
# Visual Studio Version 17
VisualStudioVersion = 17.12.35707.178 d17.12
MinimumVisualStudioVersion = 10.0.40219.1
Project("{FAE04EC0-301F-11D3-BF4B-00C04F79EFBC}") = "AngularWebApiTestTask.Server", "AngularWebApiTestTask.Server\AngularWebApiTestTask.Server.csproj", "{AA7D5549-BFD2-4457-B011-76C2DB26DDD4}"
EndProject
Project("{54A90642-561A-4BB1-A94E-469ADEE60C69}") = "angularwebapitesttask.client", "angularwebapitesttask.client\angularwebapitesttask.client.esproj", "{6D99BA25-6969-4CDF-88C0-563799C1DE1C}"
EndProject
Global
	GlobalSection(SolutionConfigurationPlatforms) = preSolution
		Debug|Any CPU = Debug|Any CPU
		Release|Any CPU = Release|Any CPU
	EndGlobalSection
	GlobalSection(ProjectConfigurationPlatforms) = postSolution
		{AA7D5549-BFD2-4457-B011-76C2DB26DDD4}.Debug|Any CPU.ActiveCfg = Debug|Any CPU
		{AA7D5549-BFD2-4457-B011-76C2DB26DDD4}.Debug|Any CPU.Build.0 = Debug|Any CPU
		{AA7D5549-BFD2-4457-B011-76C2DB26DDD4}.Release|Any CPU.ActiveCfg = Release|Any CPU
		{AA7D5549-BFD2-4457-B011-76C2DB26DDD4}.Release|Any CPU.Build.0 = Release|Any CPU
		{6D99BA25-6969-4CDF-88C0-563799C1DE1C}.Debug|Any CPU.ActiveCfg = Debug|Any CPU
		{6D99BA25-6969-4CDF-88C0-563799C1DE1C}.Debug|Any CPU.Build.0 = Debug|Any CPU
		{6D99BA25-6969-4CDF-88C0-563799C1DE1C}.Debug|Any CPU.Deploy.0 = Debug|Any CPU
		{6D99BA25-6969-4CDF-88C0-563799C1DE1C}.Release|Any CPU.ActiveCfg = Release|Any CPU
		{6D99BA25-6969-4CDF-88C0-563799C1DE1C}.Release|Any CPU.Build.0 = Release|Any CPU
		{6D99BA25-6969-4CDF-88C0-563799C1DE1C}.Release|Any CPU.Deploy.0 = Release|Any CPU
	EndGlobalSection
	GlobalSection(SolutionProperties) = preSolution
		HideSolutionNode = FALSE
	EndGlobalSection
EndGlobal
